// !$*UTF8*$!
{
	archiveVersion = 1;
	classes = {
	};
	objectVersion = 56;
	objects = {

/* Begin PBXBuildFile section */
		220915002B861D250092292A /* AppMainView.swift in Sources */ = {isa = PBXBuildFile; fileRef = 220914FF2B861D250092292A /* AppMainView.swift */; };
		220915042B861FC80092292A /* DiscoveryView.swift in Sources */ = {isa = PBXBuildFile; fileRef = 220915032B861FC80092292A /* DiscoveryView.swift */; };
		220915062B861FD80092292A /* CategoriesView.swift in Sources */ = {isa = PBXBuildFile; fileRef = 220915052B861FD80092292A /* CategoriesView.swift */; };
		220915082B861FE30092292A /* EventsView.swift in Sources */ = {isa = PBXBuildFile; fileRef = 220915072B861FE30092292A /* EventsView.swift */; };
		2209150A2B861FEB0092292A /* FavoritesView.swift in Sources */ = {isa = PBXBuildFile; fileRef = 220915092B861FEB0092292A /* FavoritesView.swift */; };
		2209150C2B861FF20092292A /* OrdersView.swift in Sources */ = {isa = PBXBuildFile; fileRef = 2209150B2B861FF20092292A /* OrdersView.swift */; };
		2231EF692BC8228000E643F6 /* OrderDetail.swift in Sources */ = {isa = PBXBuildFile; fileRef = 2231EF682BC8228000E643F6 /* OrderDetail.swift */; };
		227C4DC42B875FEA002D5F65 /* ProductRow.swift in Sources */ = {isa = PBXBuildFile; fileRef = 227C4DC32B875FEA002D5F65 /* ProductRow.swift */; };
		229738382BCD686100126159 /* ToolbarHeader.swift in Sources */ = {isa = PBXBuildFile; fileRef = 229738372BCD686100126159 /* ToolbarHeader.swift */; };
		2297383C2BCE880B00126159 /* OrderRow.swift in Sources */ = {isa = PBXBuildFile; fileRef = 2297383B2BCE880B00126159 /* OrderRow.swift */; };
		22CE75352B95F5470064FCAD /* Farms.json in Resources */ = {isa = PBXBuildFile; fileRef = 22CE75342B95F5470064FCAD /* Farms.json */; };
		22CE75372B95F55B0064FCAD /* Products.json in Resources */ = {isa = PBXBuildFile; fileRef = 22CE75362B95F55B0064FCAD /* Products.json */; };
		22CE753A2B95F7BC0064FCAD /* ModelData.swift in Sources */ = {isa = PBXBuildFile; fileRef = 22CE75392B95F7BC0064FCAD /* ModelData.swift */; };
		22CE753C2B95F80E0064FCAD /* Product.swift in Sources */ = {isa = PBXBuildFile; fileRef = 22CE753B2B95F80E0064FCAD /* Product.swift */; };
		22CE753E2B9601DF0064FCAD /* ProductDetail.swift in Sources */ = {isa = PBXBuildFile; fileRef = 22CE753D2B9601DF0064FCAD /* ProductDetail.swift */; };
		9330D74A2B861876008E1FF4 /* EggBayApp.swift in Sources */ = {isa = PBXBuildFile; fileRef = 9330D7492B861876008E1FF4 /* EggBayApp.swift */; };
		9330D74C2B861876008E1FF4 /* ContentView.swift in Sources */ = {isa = PBXBuildFile; fileRef = 9330D74B2B861876008E1FF4 /* ContentView.swift */; };
		9330D74E2B861877008E1FF4 /* Assets.xcassets in Resources */ = {isa = PBXBuildFile; fileRef = 9330D74D2B861877008E1FF4 /* Assets.xcassets */; };
		9330D7512B861877008E1FF4 /* Preview Assets.xcassets in Resources */ = {isa = PBXBuildFile; fileRef = 9330D7502B861877008E1FF4 /* Preview Assets.xcassets */; };
		9330D75A2B86215A008E1FF4 /* AccountView.swift in Sources */ = {isa = PBXBuildFile; fileRef = 9330D7592B86215A008E1FF4 /* AccountView.swift */; };
		9330D75C2B862448008E1FF4 /* ProfileNavigationLink.swift in Sources */ = {isa = PBXBuildFile; fileRef = 9330D75B2B862448008E1FF4 /* ProfileNavigationLink.swift */; };
		9330D75F2B862982008E1FF4 /* User.swift in Sources */ = {isa = PBXBuildFile; fileRef = 9330D75E2B862982008E1FF4 /* User.swift */; };
		9330D7642B8629E4008E1FF4 /* LoginViewModel.swift in Sources */ = {isa = PBXBuildFile; fileRef = 9330D7632B8629E4008E1FF4 /* LoginViewModel.swift */; };
		9330D7662B862A60008E1FF4 /* MainViewModel.swift in Sources */ = {isa = PBXBuildFile; fileRef = 9330D7652B862A60008E1FF4 /* MainViewModel.swift */; };
		9330D7682B862AAE008E1FF4 /* AccountViewModel.swift in Sources */ = {isa = PBXBuildFile; fileRef = 9330D7672B862AAE008E1FF4 /* AccountViewModel.swift */; };
		9330D76A2B86336D008E1FF4 /* LoginView.swift in Sources */ = {isa = PBXBuildFile; fileRef = 9330D7692B86336D008E1FF4 /* LoginView.swift */; };
		93AB32272B95FA570026CE37 /* LargeBlock.swift in Sources */ = {isa = PBXBuildFile; fileRef = 93AB32262B95FA570026CE37 /* LargeBlock.swift */; };
		93AB32292B9604940026CE37 /* FarmDetail.swift in Sources */ = {isa = PBXBuildFile; fileRef = 93AB32282B9604940026CE37 /* FarmDetail.swift */; };
		93AB322B2B9606EC0026CE37 /* Farm.swift in Sources */ = {isa = PBXBuildFile; fileRef = 93AB322A2B9606EC0026CE37 /* Farm.swift */; };
		93AB32312B97732E0026CE37 /* FarmFavourites.swift in Sources */ = {isa = PBXBuildFile; fileRef = 93AB32302B97732E0026CE37 /* FarmFavourites.swift */; };
/* End PBXBuildFile section */

/* Begin PBXFileReference section */
		220914FF2B861D250092292A /* AppMainView.swift */ = {isa = PBXFileReference; lastKnownFileType = sourcecode.swift; path = AppMainView.swift; sourceTree = "<group>"; };
		220915032B861FC80092292A /* DiscoveryView.swift */ = {isa = PBXFileReference; lastKnownFileType = sourcecode.swift; path = DiscoveryView.swift; sourceTree = "<group>"; };
		220915052B861FD80092292A /* CategoriesView.swift */ = {isa = PBXFileReference; lastKnownFileType = sourcecode.swift; path = CategoriesView.swift; sourceTree = "<group>"; };
		220915072B861FE30092292A /* EventsView.swift */ = {isa = PBXFileReference; lastKnownFileType = sourcecode.swift; path = EventsView.swift; sourceTree = "<group>"; };
		220915092B861FEB0092292A /* FavoritesView.swift */ = {isa = PBXFileReference; lastKnownFileType = sourcecode.swift; path = FavoritesView.swift; sourceTree = "<group>"; };
		2209150B2B861FF20092292A /* OrdersView.swift */ = {isa = PBXFileReference; lastKnownFileType = sourcecode.swift; path = OrdersView.swift; sourceTree = "<group>"; };
		2231EF682BC8228000E643F6 /* OrderDetail.swift */ = {isa = PBXFileReference; lastKnownFileType = sourcecode.swift; path = OrderDetail.swift; sourceTree = "<group>"; };
		227C4DC32B875FEA002D5F65 /* ProductRow.swift */ = {isa = PBXFileReference; lastKnownFileType = sourcecode.swift; path = ProductRow.swift; sourceTree = "<group>"; };
		229738372BCD686100126159 /* ToolbarHeader.swift */ = {isa = PBXFileReference; lastKnownFileType = sourcecode.swift; path = ToolbarHeader.swift; sourceTree = "<group>"; };
		2297383B2BCE880B00126159 /* OrderRow.swift */ = {isa = PBXFileReference; lastKnownFileType = sourcecode.swift; path = OrderRow.swift; sourceTree = "<group>"; };
		22CE75342B95F5470064FCAD /* Farms.json */ = {isa = PBXFileReference; fileEncoding = 4; lastKnownFileType = text.json; path = Farms.json; sourceTree = "<group>"; };
		22CE75362B95F55B0064FCAD /* Products.json */ = {isa = PBXFileReference; fileEncoding = 4; lastKnownFileType = text.json; path = Products.json; sourceTree = "<group>"; };
		22CE75392B95F7BC0064FCAD /* ModelData.swift */ = {isa = PBXFileReference; lastKnownFileType = sourcecode.swift; path = ModelData.swift; sourceTree = "<group>"; };
		22CE753B2B95F80E0064FCAD /* Product.swift */ = {isa = PBXFileReference; lastKnownFileType = sourcecode.swift; path = Product.swift; sourceTree = "<group>"; };
		22CE753D2B9601DF0064FCAD /* ProductDetail.swift */ = {isa = PBXFileReference; lastKnownFileType = sourcecode.swift; path = ProductDetail.swift; sourceTree = "<group>"; };
		9330D7462B861876008E1FF4 /* EggBay.app */ = {isa = PBXFileReference; explicitFileType = wrapper.application; includeInIndex = 0; path = EggBay.app; sourceTree = BUILT_PRODUCTS_DIR; };
		9330D7492B861876008E1FF4 /* EggBayApp.swift */ = {isa = PBXFileReference; lastKnownFileType = sourcecode.swift; path = EggBayApp.swift; sourceTree = "<group>"; };
		9330D74B2B861876008E1FF4 /* ContentView.swift */ = {isa = PBXFileReference; lastKnownFileType = sourcecode.swift; path = ContentView.swift; sourceTree = "<group>"; };
		9330D74D2B861877008E1FF4 /* Assets.xcassets */ = {isa = PBXFileReference; lastKnownFileType = folder.assetcatalog; path = Assets.xcassets; sourceTree = "<group>"; };
		9330D7502B861877008E1FF4 /* Preview Assets.xcassets */ = {isa = PBXFileReference; lastKnownFileType = folder.assetcatalog; path = "Preview Assets.xcassets"; sourceTree = "<group>"; };
		9330D7592B86215A008E1FF4 /* AccountView.swift */ = {isa = PBXFileReference; lastKnownFileType = sourcecode.swift; path = AccountView.swift; sourceTree = "<group>"; };
		9330D75B2B862448008E1FF4 /* ProfileNavigationLink.swift */ = {isa = PBXFileReference; lastKnownFileType = sourcecode.swift; path = ProfileNavigationLink.swift; sourceTree = "<group>"; };
		9330D75E2B862982008E1FF4 /* User.swift */ = {isa = PBXFileReference; lastKnownFileType = sourcecode.swift; path = User.swift; sourceTree = "<group>"; };
		9330D7632B8629E4008E1FF4 /* LoginViewModel.swift */ = {isa = PBXFileReference; lastKnownFileType = sourcecode.swift; path = LoginViewModel.swift; sourceTree = "<group>"; };
		9330D7652B862A60008E1FF4 /* MainViewModel.swift */ = {isa = PBXFileReference; lastKnownFileType = sourcecode.swift; path = MainViewModel.swift; sourceTree = "<group>"; };
		9330D7672B862AAE008E1FF4 /* AccountViewModel.swift */ = {isa = PBXFileReference; lastKnownFileType = sourcecode.swift; path = AccountViewModel.swift; sourceTree = "<group>"; };
		9330D7692B86336D008E1FF4 /* LoginView.swift */ = {isa = PBXFileReference; lastKnownFileType = sourcecode.swift; path = LoginView.swift; sourceTree = "<group>"; };
		93AB32262B95FA570026CE37 /* LargeBlock.swift */ = {isa = PBXFileReference; lastKnownFileType = sourcecode.swift; path = LargeBlock.swift; sourceTree = "<group>"; };
		93AB32282B9604940026CE37 /* FarmDetail.swift */ = {isa = PBXFileReference; lastKnownFileType = sourcecode.swift; path = FarmDetail.swift; sourceTree = "<group>"; };
		93AB322A2B9606EC0026CE37 /* Farm.swift */ = {isa = PBXFileReference; lastKnownFileType = sourcecode.swift; path = Farm.swift; sourceTree = "<group>"; };
		93AB32302B97732E0026CE37 /* FarmFavourites.swift */ = {isa = PBXFileReference; lastKnownFileType = sourcecode.swift; path = FarmFavourites.swift; sourceTree = "<group>"; };
/* End PBXFileReference section */

/* Begin PBXFrameworksBuildPhase section */
		9330D7432B861876008E1FF4 /* Frameworks */ = {
			isa = PBXFrameworksBuildPhase;
			buildActionMask = 2147483647;
			files = (
			);
			runOnlyForDeploymentPostprocessing = 0;
		};
/* End PBXFrameworksBuildPhase section */

/* Begin PBXGroup section */
		220915012B861D2A0092292A /* Views */ = {
			isa = PBXGroup;
			children = (
				220914FF2B861D250092292A /* AppMainView.swift */,
				220915032B861FC80092292A /* DiscoveryView.swift */,
				220915052B861FD80092292A /* CategoriesView.swift */,
				220915072B861FE30092292A /* EventsView.swift */,
				220915092B861FEB0092292A /* FavoritesView.swift */,
				2297383D2BCE889900126159 /* Orders */,
				9330D7592B86215A008E1FF4 /* AccountView.swift */,
				9330D7692B86336D008E1FF4 /* LoginView.swift */,
				227C4DC32B875FEA002D5F65 /* ProductRow.swift */,
				22CE753D2B9601DF0064FCAD /* ProductDetail.swift */,
				93AB32282B9604940026CE37 /* FarmDetail.swift */,
			);
			path = Views;
			sourceTree = "<group>";
		};
		2297383D2BCE889900126159 /* Orders */ = {
			isa = PBXGroup;
			children = (
				2209150B2B861FF20092292A /* OrdersView.swift */,
				2231EF682BC8228000E643F6 /* OrderDetail.swift */,
				2297383B2BCE880B00126159 /* OrderRow.swift */,
			);
			path = Orders;
			sourceTree = "<group>";
		};
		22CE75382B95F5600064FCAD /* Resources */ = {
			isa = PBXGroup;
			children = (
				22CE75362B95F55B0064FCAD /* Products.json */,
				22CE75342B95F5470064FCAD /* Farms.json */,
			);
			path = Resources;
			sourceTree = "<group>";
		};
		9330D73D2B861876008E1FF4 = {
			isa = PBXGroup;
			children = (
				9330D7482B861876008E1FF4 /* EggBay */,
				9330D7472B861876008E1FF4 /* Products */,
			);
			sourceTree = "<group>";
		};
		9330D7472B861876008E1FF4 /* Products */ = {
			isa = PBXGroup;
			children = (
				9330D7462B861876008E1FF4 /* EggBay.app */,
			);
			name = Products;
			sourceTree = "<group>";
		};
		9330D7482B861876008E1FF4 /* EggBay */ = {
			isa = PBXGroup;
			children = (
				93AB32252B95FA120026CE37 /* Components */,
				9330D7492B861876008E1FF4 /* EggBayApp.swift */,
				9330D74B2B861876008E1FF4 /* ContentView.swift */,
				9330D7602B8629A6008E1FF4 /* ViewModels */,
				9330D75D2B862939008E1FF4 /* Models */,
				9330D7582B862116008E1FF4 /* NavigationLinks */,
				22CE75382B95F5600064FCAD /* Resources */,
				220915012B861D2A0092292A /* Views */,
				9330D74D2B861877008E1FF4 /* Assets.xcassets */,
				9330D74F2B861877008E1FF4 /* Preview Content */,
			);
			path = EggBay;
			sourceTree = "<group>";
		};
		9330D74F2B861877008E1FF4 /* Preview Content */ = {
			isa = PBXGroup;
			children = (
				9330D7502B861877008E1FF4 /* Preview Assets.xcassets */,
			);
			path = "Preview Content";
			sourceTree = "<group>";
		};
		9330D7582B862116008E1FF4 /* NavigationLinks */ = {
			isa = PBXGroup;
			children = (
				9330D75B2B862448008E1FF4 /* ProfileNavigationLink.swift */,
			);
			path = NavigationLinks;
			sourceTree = "<group>";
		};
		9330D75D2B862939008E1FF4 /* Models */ = {
			isa = PBXGroup;
			children = (
				9330D75E2B862982008E1FF4 /* User.swift */,
				22CE75392B95F7BC0064FCAD /* ModelData.swift */,
				22CE753B2B95F80E0064FCAD /* Product.swift */,
				93AB322A2B9606EC0026CE37 /* Farm.swift */,
				93AB32302B97732E0026CE37 /* FarmFavourites.swift */,
			);
			path = Models;
			sourceTree = "<group>";
		};
		9330D7602B8629A6008E1FF4 /* ViewModels */ = {
			isa = PBXGroup;
			children = (
				9330D7632B8629E4008E1FF4 /* LoginViewModel.swift */,
				9330D7652B862A60008E1FF4 /* MainViewModel.swift */,
				9330D7672B862AAE008E1FF4 /* AccountViewModel.swift */,
			);
			path = ViewModels;
			sourceTree = "<group>";
		};
		93AB32252B95FA120026CE37 /* Components */ = {
			isa = PBXGroup;
			children = (
				93AB32262B95FA570026CE37 /* LargeBlock.swift */,
				229738372BCD686100126159 /* ToolbarHeader.swift */,
			);
			path = Components;
			sourceTree = "<group>";
		};
/* End PBXGroup section */

/* Begin PBXNativeTarget section */
		9330D7452B861876008E1FF4 /* EggBay */ = {
			isa = PBXNativeTarget;
			buildConfigurationList = 9330D7542B861877008E1FF4 /* Build configuration list for PBXNativeTarget "EggBay" */;
			buildPhases = (
				9330D7422B861876008E1FF4 /* Sources */,
				9330D7432B861876008E1FF4 /* Frameworks */,
				9330D7442B861876008E1FF4 /* Resources */,
			);
			buildRules = (
			);
			dependencies = (
			);
			name = EggBay;
			productName = EggBay;
			productReference = 9330D7462B861876008E1FF4 /* EggBay.app */;
			productType = "com.apple.product-type.application";
		};
/* End PBXNativeTarget section */

/* Begin PBXProject section */
		9330D73E2B861876008E1FF4 /* Project object */ = {
			isa = PBXProject;
			attributes = {
				BuildIndependentTargetsInParallel = 1;
				LastSwiftUpdateCheck = 1520;
				LastUpgradeCheck = 1520;
				TargetAttributes = {
					9330D7452B861876008E1FF4 = {
						CreatedOnToolsVersion = 15.2;
					};
				};
			};
			buildConfigurationList = 9330D7412B861876008E1FF4 /* Build configuration list for PBXProject "EggBay" */;
			compatibilityVersion = "Xcode 14.0";
			developmentRegion = en;
			hasScannedForEncodings = 0;
			knownRegions = (
				en,
				Base,
			);
			mainGroup = 9330D73D2B861876008E1FF4;
			productRefGroup = 9330D7472B861876008E1FF4 /* Products */;
			projectDirPath = "";
			projectRoot = "";
			targets = (
				9330D7452B861876008E1FF4 /* EggBay */,
			);
		};
/* End PBXProject section */

/* Begin PBXResourcesBuildPhase section */
		9330D7442B861876008E1FF4 /* Resources */ = {
			isa = PBXResourcesBuildPhase;
			buildActionMask = 2147483647;
			files = (
				22CE75372B95F55B0064FCAD /* Products.json in Resources */,
				9330D7512B861877008E1FF4 /* Preview Assets.xcassets in Resources */,
				22CE75352B95F5470064FCAD /* Farms.json in Resources */,
				9330D74E2B861877008E1FF4 /* Assets.xcassets in Resources */,
			);
			runOnlyForDeploymentPostprocessing = 0;
		};
/* End PBXResourcesBuildPhase section */

/* Begin PBXSourcesBuildPhase section */
		9330D7422B861876008E1FF4 /* Sources */ = {
			isa = PBXSourcesBuildPhase;
			buildActionMask = 2147483647;
			files = (
				93AB32312B97732E0026CE37 /* FarmFavourites.swift in Sources */,
				22CE753E2B9601DF0064FCAD /* ProductDetail.swift in Sources */,
				22CE753A2B95F7BC0064FCAD /* ModelData.swift in Sources */,
				9330D74C2B861876008E1FF4 /* ContentView.swift in Sources */,
				9330D75C2B862448008E1FF4 /* ProfileNavigationLink.swift in Sources */,
				220915042B861FC80092292A /* DiscoveryView.swift in Sources */,
				9330D76A2B86336D008E1FF4 /* LoginView.swift in Sources */,
				93AB32272B95FA570026CE37 /* LargeBlock.swift in Sources */,
				93AB322B2B9606EC0026CE37 /* Farm.swift in Sources */,
				227C4DC42B875FEA002D5F65 /* ProductRow.swift in Sources */,
				9330D74A2B861876008E1FF4 /* EggBayApp.swift in Sources */,
				220915062B861FD80092292A /* CategoriesView.swift in Sources */,
				2231EF692BC8228000E643F6 /* OrderDetail.swift in Sources */,
				9330D7662B862A60008E1FF4 /* MainViewModel.swift in Sources */,
				2209150A2B861FEB0092292A /* FavoritesView.swift in Sources */,
				2209150C2B861FF20092292A /* OrdersView.swift in Sources */,
				22CE753C2B95F80E0064FCAD /* Product.swift in Sources */,
				9330D7682B862AAE008E1FF4 /* AccountViewModel.swift in Sources */,
				9330D75A2B86215A008E1FF4 /* AccountView.swift in Sources */,
				9330D7642B8629E4008E1FF4 /* LoginViewModel.swift in Sources */,
				229738382BCD686100126159 /* ToolbarHeader.swift in Sources */,
				220915002B861D250092292A /* AppMainView.swift in Sources */,
				220915082B861FE30092292A /* EventsView.swift in Sources */,
				93AB32292B9604940026CE37 /* FarmDetail.swift in Sources */,
				9330D75F2B862982008E1FF4 /* User.swift in Sources */,
				2297383C2BCE880B00126159 /* OrderRow.swift in Sources */,
			);
			runOnlyForDeploymentPostprocessing = 0;
		};
/* End PBXSourcesBuildPhase section */

/* Begin XCBuildConfiguration section */
		9330D7522B861877008E1FF4 /* Debug */ = {
			isa = XCBuildConfiguration;
			buildSettings = {
				ALWAYS_SEARCH_USER_PATHS = NO;
				ASSETCATALOG_COMPILER_GENERATE_SWIFT_ASSET_SYMBOL_EXTENSIONS = YES;
				CLANG_ANALYZER_NONNULL = YES;
				CLANG_ANALYZER_NUMBER_OBJECT_CONVERSION = YES_AGGRESSIVE;
				CLANG_CXX_LANGUAGE_STANDARD = "gnu++20";
				CLANG_ENABLE_MODULES = YES;
				CLANG_ENABLE_OBJC_ARC = YES;
				CLANG_ENABLE_OBJC_WEAK = YES;
				CLANG_WARN_BLOCK_CAPTURE_AUTORELEASING = YES;
				CLANG_WARN_BOOL_CONVERSION = YES;
				CLANG_WARN_COMMA = YES;
				CLANG_WARN_CONSTANT_CONVERSION = YES;
				CLANG_WARN_DEPRECATED_OBJC_IMPLEMENTATIONS = YES;
				CLANG_WARN_DIRECT_OBJC_ISA_USAGE = YES_ERROR;
				CLANG_WARN_DOCUMENTATION_COMMENTS = YES;
				CLANG_WARN_EMPTY_BODY = YES;
				CLANG_WARN_ENUM_CONVERSION = YES;
				CLANG_WARN_INFINITE_RECURSION = YES;
				CLANG_WARN_INT_CONVERSION = YES;
				CLANG_WARN_NON_LITERAL_NULL_CONVERSION = YES;
				CLANG_WARN_OBJC_IMPLICIT_RETAIN_SELF = YES;
				CLANG_WARN_OBJC_LITERAL_CONVERSION = YES;
				CLANG_WARN_OBJC_ROOT_CLASS = YES_ERROR;
				CLANG_WARN_QUOTED_INCLUDE_IN_FRAMEWORK_HEADER = YES;
				CLANG_WARN_RANGE_LOOP_ANALYSIS = YES;
				CLANG_WARN_STRICT_PROTOTYPES = YES;
				CLANG_WARN_SUSPICIOUS_MOVE = YES;
				CLANG_WARN_UNGUARDED_AVAILABILITY = YES_AGGRESSIVE;
				CLANG_WARN_UNREACHABLE_CODE = YES;
				CLANG_WARN__DUPLICATE_METHOD_MATCH = YES;
				COPY_PHASE_STRIP = NO;
				DEBUG_INFORMATION_FORMAT = dwarf;
				ENABLE_STRICT_OBJC_MSGSEND = YES;
				ENABLE_TESTABILITY = YES;
				ENABLE_USER_SCRIPT_SANDBOXING = YES;
				GCC_C_LANGUAGE_STANDARD = gnu17;
				GCC_DYNAMIC_NO_PIC = NO;
				GCC_NO_COMMON_BLOCKS = YES;
				GCC_OPTIMIZATION_LEVEL = 0;
				GCC_PREPROCESSOR_DEFINITIONS = (
					"DEBUG=1",
					"$(inherited)",
				);
				GCC_WARN_64_TO_32_BIT_CONVERSION = YES;
				GCC_WARN_ABOUT_RETURN_TYPE = YES_ERROR;
				GCC_WARN_UNDECLARED_SELECTOR = YES;
				GCC_WARN_UNINITIALIZED_AUTOS = YES_AGGRESSIVE;
				GCC_WARN_UNUSED_FUNCTION = YES;
				GCC_WARN_UNUSED_VARIABLE = YES;
				IPHONEOS_DEPLOYMENT_TARGET = 17.2;
				LOCALIZATION_PREFERS_STRING_CATALOGS = YES;
				MTL_ENABLE_DEBUG_INFO = INCLUDE_SOURCE;
				MTL_FAST_MATH = YES;
				ONLY_ACTIVE_ARCH = YES;
				SDKROOT = iphoneos;
				SWIFT_ACTIVE_COMPILATION_CONDITIONS = "DEBUG $(inherited)";
				SWIFT_OPTIMIZATION_LEVEL = "-Onone";
			};
			name = Debug;
		};
		9330D7532B861877008E1FF4 /* Release */ = {
			isa = XCBuildConfiguration;
			buildSettings = {
				ALWAYS_SEARCH_USER_PATHS = NO;
				ASSETCATALOG_COMPILER_GENERATE_SWIFT_ASSET_SYMBOL_EXTENSIONS = YES;
				CLANG_ANALYZER_NONNULL = YES;
				CLANG_ANALYZER_NUMBER_OBJECT_CONVERSION = YES_AGGRESSIVE;
				CLANG_CXX_LANGUAGE_STANDARD = "gnu++20";
				CLANG_ENABLE_MODULES = YES;
				CLANG_ENABLE_OBJC_ARC = YES;
				CLANG_ENABLE_OBJC_WEAK = YES;
				CLANG_WARN_BLOCK_CAPTURE_AUTORELEASING = YES;
				CLANG_WARN_BOOL_CONVERSION = YES;
				CLANG_WARN_COMMA = YES;
				CLANG_WARN_CONSTANT_CONVERSION = YES;
				CLANG_WARN_DEPRECATED_OBJC_IMPLEMENTATIONS = YES;
				CLANG_WARN_DIRECT_OBJC_ISA_USAGE = YES_ERROR;
				CLANG_WARN_DOCUMENTATION_COMMENTS = YES;
				CLANG_WARN_EMPTY_BODY = YES;
				CLANG_WARN_ENUM_CONVERSION = YES;
				CLANG_WARN_INFINITE_RECURSION = YES;
				CLANG_WARN_INT_CONVERSION = YES;
				CLANG_WARN_NON_LITERAL_NULL_CONVERSION = YES;
				CLANG_WARN_OBJC_IMPLICIT_RETAIN_SELF = YES;
				CLANG_WARN_OBJC_LITERAL_CONVERSION = YES;
				CLANG_WARN_OBJC_ROOT_CLASS = YES_ERROR;
				CLANG_WARN_QUOTED_INCLUDE_IN_FRAMEWORK_HEADER = YES;
				CLANG_WARN_RANGE_LOOP_ANALYSIS = YES;
				CLANG_WARN_STRICT_PROTOTYPES = YES;
				CLANG_WARN_SUSPICIOUS_MOVE = YES;
				CLANG_WARN_UNGUARDED_AVAILABILITY = YES_AGGRESSIVE;
				CLANG_WARN_UNREACHABLE_CODE = YES;
				CLANG_WARN__DUPLICATE_METHOD_MATCH = YES;
				COPY_PHASE_STRIP = NO;
				DEBUG_INFORMATION_FORMAT = "dwarf-with-dsym";
				ENABLE_NS_ASSERTIONS = NO;
				ENABLE_STRICT_OBJC_MSGSEND = YES;
				ENABLE_USER_SCRIPT_SANDBOXING = YES;
				GCC_C_LANGUAGE_STANDARD = gnu17;
				GCC_NO_COMMON_BLOCKS = YES;
				GCC_WARN_64_TO_32_BIT_CONVERSION = YES;
				GCC_WARN_ABOUT_RETURN_TYPE = YES_ERROR;
				GCC_WARN_UNDECLARED_SELECTOR = YES;
				GCC_WARN_UNINITIALIZED_AUTOS = YES_AGGRESSIVE;
				GCC_WARN_UNUSED_FUNCTION = YES;
				GCC_WARN_UNUSED_VARIABLE = YES;
				IPHONEOS_DEPLOYMENT_TARGET = 17.2;
				LOCALIZATION_PREFERS_STRING_CATALOGS = YES;
				MTL_ENABLE_DEBUG_INFO = NO;
				MTL_FAST_MATH = YES;
				SDKROOT = iphoneos;
				SWIFT_COMPILATION_MODE = wholemodule;
				VALIDATE_PRODUCT = YES;
			};
			name = Release;
		};
		9330D7552B861877008E1FF4 /* Debug */ = {
			isa = XCBuildConfiguration;
			buildSettings = {
				ASSETCATALOG_COMPILER_APPICON_NAME = AppIcon;
				ASSETCATALOG_COMPILER_GLOBAL_ACCENT_COLOR_NAME = AccentColor;
				CODE_SIGN_STYLE = Automatic;
				CURRENT_PROJECT_VERSION = 1;
				DEVELOPMENT_ASSET_PATHS = "\"EggBay/Preview Content\"";
				DEVELOPMENT_TEAM = 6MAH9W2S73;
				ENABLE_PREVIEWS = YES;
				GENERATE_INFOPLIST_FILE = YES;
				INFOPLIST_KEY_UIApplicationSceneManifest_Generation = YES;
				INFOPLIST_KEY_UIApplicationSupportsIndirectInputEvents = YES;
				INFOPLIST_KEY_UILaunchScreen_Generation = YES;
				INFOPLIST_KEY_UISupportedInterfaceOrientations_iPad = "UIInterfaceOrientationPortrait UIInterfaceOrientationPortraitUpsideDown UIInterfaceOrientationLandscapeLeft UIInterfaceOrientationLandscapeRight";
				INFOPLIST_KEY_UISupportedInterfaceOrientations_iPhone = "UIInterfaceOrientationPortrait UIInterfaceOrientationLandscapeLeft UIInterfaceOrientationLandscapeRight";
				LD_RUNPATH_SEARCH_PATHS = (
					"$(inherited)",
					"@executable_path/Frameworks",
				);
				MARKETING_VERSION = 1.0;
				PRODUCT_BUNDLE_IDENTIFIER = ntenev.EggBay;
				PRODUCT_NAME = "$(TARGET_NAME)";
				SWIFT_EMIT_LOC_STRINGS = YES;
				SWIFT_VERSION = 5.0;
				TARGETED_DEVICE_FAMILY = "1,2";
			};
			name = Debug;
		};
		9330D7562B861877008E1FF4 /* Release */ = {
			isa = XCBuildConfiguration;
			buildSettings = {
				ASSETCATALOG_COMPILER_APPICON_NAME = AppIcon;
				ASSETCATALOG_COMPILER_GLOBAL_ACCENT_COLOR_NAME = AccentColor;
				CODE_SIGN_STYLE = Automatic;
				CURRENT_PROJECT_VERSION = 1;
				DEVELOPMENT_ASSET_PATHS = "\"EggBay/Preview Content\"";
				DEVELOPMENT_TEAM = 6MAH9W2S73;
				ENABLE_PREVIEWS = YES;
				GENERATE_INFOPLIST_FILE = YES;
				INFOPLIST_KEY_UIApplicationSceneManifest_Generation = YES;
				INFOPLIST_KEY_UIApplicationSupportsIndirectInputEvents = YES;
				INFOPLIST_KEY_UILaunchScreen_Generation = YES;
				INFOPLIST_KEY_UISupportedInterfaceOrientations_iPad = "UIInterfaceOrientationPortrait UIInterfaceOrientationPortraitUpsideDown UIInterfaceOrientationLandscapeLeft UIInterfaceOrientationLandscapeRight";
				INFOPLIST_KEY_UISupportedInterfaceOrientations_iPhone = "UIInterfaceOrientationPortrait UIInterfaceOrientationLandscapeLeft UIInterfaceOrientationLandscapeRight";
				LD_RUNPATH_SEARCH_PATHS = (
					"$(inherited)",
					"@executable_path/Frameworks",
				);
				MARKETING_VERSION = 1.0;
				PRODUCT_BUNDLE_IDENTIFIER = ntenev.EggBay;
				PRODUCT_NAME = "$(TARGET_NAME)";
				SWIFT_EMIT_LOC_STRINGS = YES;
				SWIFT_VERSION = 5.0;
				TARGETED_DEVICE_FAMILY = "1,2";
			};
			name = Release;
		};
/* End XCBuildConfiguration section */

/* Begin XCConfigurationList section */
		9330D7412B861876008E1FF4 /* Build configuration list for PBXProject "EggBay" */ = {
			isa = XCConfigurationList;
			buildConfigurations = (
				9330D7522B861877008E1FF4 /* Debug */,
				9330D7532B861877008E1FF4 /* Release */,
			);
			defaultConfigurationIsVisible = 0;
			defaultConfigurationName = Release;
		};
		9330D7542B861877008E1FF4 /* Build configuration list for PBXNativeTarget "EggBay" */ = {
			isa = XCConfigurationList;
			buildConfigurations = (
				9330D7552B861877008E1FF4 /* Debug */,
				9330D7562B861877008E1FF4 /* Release */,
			);
			defaultConfigurationIsVisible = 0;
			defaultConfigurationName = Release;
		};
/* End XCConfigurationList section */
	};
	rootObject = 9330D73E2B861876008E1FF4 /* Project object */;
}
